// !$*UTF8*$!
{
	archiveVersion = 1;
	classes = {
	};
	objectVersion = 77;
	objects = {

/* Begin PBXContainerItemProxy section */
		00B0C8EC2E18E52C00AF0F54 /* PBXContainerItemProxy */ = {
			isa = PBXContainerItemProxy;
			containerPortal = 00B0C8D42E18E52A00AF0F54 /* Project object */;
			proxyType = 1;
			remoteGlobalIDString = 00B0C8DB2E18E52A00AF0F54;
			remoteInfo = Freestyle;
		};
		00B0C8F62E18E52C00AF0F54 /* PBXContainerItemProxy */ = {
			isa = PBXContainerItemProxy;
			containerPortal = 00B0C8D42E18E52A00AF0F54 /* Project object */;
			proxyType = 1;
			remoteGlobalIDString = 00B0C8DB2E18E52A00AF0F54;
			remoteInfo = Freestyle;
		};
/* End PBXContainerItemProxy section */

/* Begin PBXFileReference section */
		00B0C8DC2E18E52A00AF0F54 /* Freestyle.app */ = {isa = PBXFileReference; explicitFileType = wrapper.application; includeInIndex = 0; path = Freestyle.app; sourceTree = BUILT_PRODUCTS_DIR; };
		00B0C8EB2E18E52C00AF0F54 /* FreestyleTests.xctest */ = {isa = PBXFileReference; explicitFileType = wrapper.cfbundle; includeInIndex = 0; path = FreestyleTests.xctest; sourceTree = BUILT_PRODUCTS_DIR; };
		00B0C8F52E18E52C00AF0F54 /* FreestyleUITests.xctest */ = {isa = PBXFileReference; explicitFileType = wrapper.cfbundle; includeInIndex = 0; path = FreestyleUITests.xctest; sourceTree = BUILT_PRODUCTS_DIR; };
/* End PBXFileReference section */

/* Begin PBXFileSystemSynchronizedRootGroup section */
		00B0C8DE2E18E52A00AF0F54 /* Freestyle */ = {
			isa = PBXFileSystemSynchronizedRootGroup;
			path = Freestyle;
			sourceTree = "<group>";
		};
		00B0C8EE2E18E52C00AF0F54 /* FreestyleTests */ = {
			isa = PBXFileSystemSynchronizedRootGroup;
			path = FreestyleTests;
			sourceTree = "<group>";
		};
		00B0C8F82E18E52C00AF0F54 /* FreestyleUITests */ = {
			isa = PBXFileSystemSynchronizedRootGroup;
			path = FreestyleUITests;
			sourceTree = "<group>";
		};
/* End PBXFileSystemSynchronizedRootGroup section */

/* Begin PBXFrameworksBuildPhase section */
		00B0C8D92E18E52A00AF0F54 /* Frameworks */ = {
			isa = PBXFrameworksBuildPhase;
			buildActionMask = 2147483647;
			files = (
			);
			runOnlyForDeploymentPostprocessing = 0;
		};
		00B0C8E82E18E52C00AF0F54 /* Frameworks */ = {
			isa = PBXFrameworksBuildPhase;
			buildActionMask = 2147483647;
			files = (
			);
			runOnlyForDeploymentPostprocessing = 0;
		};
		00B0C8F22E18E52C00AF0F54 /* Frameworks */ = {
			isa = PBXFrameworksBuildPhase;
			buildActionMask = 2147483647;
			files = (
			);
			runOnlyForDeploymentPostprocessing = 0;
		};
/* End PBXFrameworksBuildPhase section */

/* Begin PBXGroup section */
		00B0C8D32E18E52A00AF0F54 = {
			isa = PBXGroup;
			children = (
				00B0C8DE2E18E52A00AF0F54 /* Freestyle */,
				00B0C8EE2E18E52C00AF0F54 /* FreestyleTests */,
				00B0C8F82E18E52C00AF0F54 /* FreestyleUITests */,
				00B0C8DD2E18E52A00AF0F54 /* Products */,
			);
			sourceTree = "<group>";
		};
		00B0C8DD2E18E52A00AF0F54 /* Products */ = {
			isa = PBXGroup;
			children = (
				00B0C8DC2E18E52A00AF0F54 /* Freestyle.app */,
				00B0C8EB2E18E52C00AF0F54 /* FreestyleTests.xctest */,
				00B0C8F52E18E52C00AF0F54 /* FreestyleUITests.xctest */,
			);
			name = Products;
			sourceTree = "<group>";
		};
/* End PBXGroup section */

/* Begin PBXNativeTarget section */
		00B0C8DB2E18E52A00AF0F54 /* Freestyle */ = {
			isa = PBXNativeTarget;
			buildConfigurationList = 00B0C8FF2E18E52C00AF0F54 /* Build configuration list for PBXNativeTarget "Freestyle" */;
			buildPhases = (
				00B0C8D82E18E52A00AF0F54 /* Sources */,
				00B0C8D92E18E52A00AF0F54 /* Frameworks */,
				00B0C8DA2E18E52A00AF0F54 /* Resources */,
			);
			buildRules = (
			);
			dependencies = (
			);
			fileSystemSynchronizedGroups = (
				00B0C8DE2E18E52A00AF0F54 /* Freestyle */,
			);
			name = Freestyle;
			packageProductDependencies = (
			);
			productName = Freestyle;
			productReference = 00B0C8DC2E18E52A00AF0F54 /* Freestyle.app */;
			productType = "com.apple.product-type.application";
		};
		00B0C8EA2E18E52C00AF0F54 /* FreestyleTests */ = {
			isa = PBXNativeTarget;
			buildConfigurationList = 00B0C9022E18E52C00AF0F54 /* Build configuration list for PBXNativeTarget "FreestyleTests" */;
			buildPhases = (
				00B0C8E72E18E52C00AF0F54 /* Sources */,
				00B0C8E82E18E52C00AF0F54 /* Frameworks */,
				00B0C8E92E18E52C00AF0F54 /* Resources */,
			);
			buildRules = (
			);
			dependencies = (
				00B0C8ED2E18E52C00AF0F54 /* PBXTargetDependency */,
			);
			fileSystemSynchronizedGroups = (
				00B0C8EE2E18E52C00AF0F54 /* FreestyleTests */,
			);
			name = FreestyleTests;
			packageProductDependencies = (
			);
			productName = FreestyleTests;
			productReference = 00B0C8EB2E18E52C00AF0F54 /* FreestyleTests.xctest */;
			productType = "com.apple.product-type.bundle.unit-test";
		};
		00B0C8F42E18E52C00AF0F54 /* FreestyleUITests */ = {
			isa = PBXNativeTarget;
			buildConfigurationList = 00B0C9052E18E52C00AF0F54 /* Build configuration list for PBXNativeTarget "FreestyleUITests" */;
			buildPhases = (
				00B0C8F12E18E52C00AF0F54 /* Sources */,
				00B0C8F22E18E52C00AF0F54 /* Frameworks */,
				00B0C8F32E18E52C00AF0F54 /* Resources */,
			);
			buildRules = (
			);
			dependencies = (
				00B0C8F72E18E52C00AF0F54 /* PBXTargetDependency */,
			);
			fileSystemSynchronizedGroups = (
				00B0C8F82E18E52C00AF0F54 /* FreestyleUITests */,
			);
			name = FreestyleUITests;
			packageProductDependencies = (
			);
			productName = FreestyleUITests;
			productReference = 00B0C8F52E18E52C00AF0F54 /* FreestyleUITests.xctest */;
			productType = "com.apple.product-type.bundle.ui-testing";
		};
/* End PBXNativeTarget section */

/* Begin PBXProject section */
		00B0C8D42E18E52A00AF0F54 /* Project object */ = {
			isa = PBXProject;
			attributes = {
				BuildIndependentTargetsInParallel = 1;
				LastSwiftUpdateCheck = 1640;
				LastUpgradeCheck = 1640;
				TargetAttributes = {
					00B0C8DB2E18E52A00AF0F54 = {
						CreatedOnToolsVersion = 16.4;
					};
					00B0C8EA2E18E52C00AF0F54 = {
						CreatedOnToolsVersion = 16.4;
						TestTargetID = 00B0C8DB2E18E52A00AF0F54;
					};
					00B0C8F42E18E52C00AF0F54 = {
						CreatedOnToolsVersion = 16.4;
						TestTargetID = 00B0C8DB2E18E52A00AF0F54;
					};
				};
			};
			buildConfigurationList = 00B0C8D72E18E52A00AF0F54 /* Build configuration list for PBXProject "Freestyle" */;
			developmentRegion = en;
			hasScannedForEncodings = 0;
			knownRegions = (
				en,
				Base,
			);
			mainGroup = 00B0C8D32E18E52A00AF0F54;
			minimizedProjectReferenceProxies = 1;
			preferredProjectObjectVersion = 77;
			productRefGroup = 00B0C8DD2E18E52A00AF0F54 /* Products */;
			projectDirPath = "";
			projectRoot = "";
			targets = (
				00B0C8DB2E18E52A00AF0F54 /* Freestyle */,
				00B0C8EA2E18E52C00AF0F54 /* FreestyleTests */,
				00B0C8F42E18E52C00AF0F54 /* FreestyleUITests */,
			);
		};
/* End PBXProject section */

/* Begin PBXResourcesBuildPhase section */
		00B0C8DA2E18E52A00AF0F54 /* Resources */ = {
			isa = PBXResourcesBuildPhase;
			buildActionMask = 2147483647;
			files = (
			);
			runOnlyForDeploymentPostprocessing = 0;
		};
		00B0C8E92E18E52C00AF0F54 /* Resources */ = {
			isa = PBXResourcesBuildPhase;
			buildActionMask = 2147483647;
			files = (
			);
			runOnlyForDeploymentPostprocessing = 0;
		};
		00B0C8F32E18E52C00AF0F54 /* Resources */ = {
			isa = PBXResourcesBuildPhase;
			buildActionMask = 2147483647;
			files = (
			);
			runOnlyForDeploymentPostprocessing = 0;
		};
/* End PBXResourcesBuildPhase section */

/* Begin PBXSourcesBuildPhase section */
		00B0C8D82E18E52A00AF0F54 /* Sources */ = {
			isa = PBXSourcesBuildPhase;
			buildActionMask = 2147483647;
			files = (
			);
			runOnlyForDeploymentPostprocessing = 0;
		};
		00B0C8E72E18E52C00AF0F54 /* Sources */ = {
			isa = PBXSourcesBuildPhase;
			buildActionMask = 2147483647;
			files = (
			);
			runOnlyForDeploymentPostprocessing = 0;
		};
		00B0C8F12E18E52C00AF0F54 /* Sources */ = {
			isa = PBXSourcesBuildPhase;
			buildActionMask = 2147483647;
			files = (
			);
			runOnlyForDeploymentPostprocessing = 0;
		};
/* End PBXSourcesBuildPhase section */

/* Begin PBXTargetDependency section */
		00B0C8ED2E18E52C00AF0F54 /* PBXTargetDependency */ = {
			isa = PBXTargetDependency;
			target = 00B0C8DB2E18E52A00AF0F54 /* Freestyle */;
			targetProxy = 00B0C8EC2E18E52C00AF0F54 /* PBXContainerItemProxy */;
		};
		00B0C8F72E18E52C00AF0F54 /* PBXTargetDependency */ = {
			isa = PBXTargetDependency;
			target = 00B0C8DB2E18E52A00AF0F54 /* Freestyle */;
			targetProxy = 00B0C8F62E18E52C00AF0F54 /* PBXContainerItemProxy */;
		};
/* End PBXTargetDependency section */

/* Begin XCBuildConfiguration section */
		00B0C8FD2E18E52C00AF0F54 /* Debug */ = {
			isa = XCBuildConfiguration;
			buildSettings = {
				ALWAYS_SEARCH_USER_PATHS = NO;
				ASSETCATALOG_COMPILER_GENERATE_SWIFT_ASSET_SYMBOL_EXTENSIONS = YES;
				CLANG_ANALYZER_NONNULL = YES;
				CLANG_ANALYZER_NUMBER_OBJECT_CONVERSION = YES_AGGRESSIVE;
				CLANG_CXX_LANGUAGE_STANDARD = "gnu++20";
				CLANG_ENABLE_MODULES = YES;
				CLANG_ENABLE_OBJC_ARC = YES;
				CLANG_ENABLE_OBJC_WEAK = YES;
				CLANG_WARN_BLOCK_CAPTURE_AUTORELEASING = YES;
				CLANG_WARN_BOOL_CONVERSION = YES;
				CLANG_WARN_COMMA = YES;
				CLANG_WARN_CONSTANT_CONVERSION = YES;
				CLANG_WARN_DEPRECATED_OBJC_IMPLEMENTATIONS = YES;
				CLANG_WARN_DIRECT_OBJC_ISA_USAGE = YES_ERROR;
				CLANG_WARN_DOCUMENTATION_COMMENTS = YES;
				CLANG_WARN_EMPTY_BODY = YES;
				CLANG_WARN_ENUM_CONVERSION = YES;
				CLANG_WARN_INFINITE_RECURSION = YES;
				CLANG_WARN_INT_CONVERSION = YES;
				CLANG_WARN_NON_LITERAL_NULL_CONVERSION = YES;
				CLANG_WARN_OBJC_IMPLICIT_RETAIN_SELF = YES;
				CLANG_WARN_OBJC_LITERAL_CONVERSION = YES;
				CLANG_WARN_OBJC_ROOT_CLASS = YES_ERROR;
				CLANG_WARN_QUOTED_INCLUDE_IN_FRAMEWORK_HEADER = YES;
				CLANG_WARN_RANGE_LOOP_ANALYSIS = YES;
				CLANG_WARN_STRICT_PROTOTYPES = YES;
				CLANG_WARN_SUSPICIOUS_MOVE = YES;
				CLANG_WARN_UNGUARDED_AVAILABILITY = YES_AGGRESSIVE;
				CLANG_WARN_UNREACHABLE_CODE = YES;
				CLANG_WARN__DUPLICATE_METHOD_MATCH = YES;
				COPY_PHASE_STRIP = NO;
				DEBUG_INFORMATION_FORMAT = dwarf;
				DEVELOPMENT_TEAM = 6Y7GHZ288A;
				ENABLE_STRICT_OBJC_MSGSEND = YES;
				ENABLE_TESTABILITY = YES;
				ENABLE_USER_SCRIPT_SANDBOXING = YES;
				GCC_C_LANGUAGE_STANDARD = gnu17;
				GCC_DYNAMIC_NO_PIC = NO;
				GCC_NO_COMMON_BLOCKS = YES;
				GCC_OPTIMIZATION_LEVEL = 0;
				GCC_PREPROCESSOR_DEFINITIONS = (
					"DEBUG=1",
					"$(inherited)",
				);
				GCC_WARN_64_TO_32_BIT_CONVERSION = YES;
				GCC_WARN_ABOUT_RETURN_TYPE = YES_ERROR;
				GCC_WARN_UNDECLARED_SELECTOR = YES;
				GCC_WARN_UNINITIALIZED_AUTOS = YES_AGGRESSIVE;
				GCC_WARN_UNUSED_FUNCTION = YES;
				GCC_WARN_UNUSED_VARIABLE = YES;
				IPHONEOS_DEPLOYMENT_TARGET = 18.5;
				LOCALIZATION_PREFERS_STRING_CATALOGS = YES;
				MTL_ENABLE_DEBUG_INFO = INCLUDE_SOURCE;
				MTL_FAST_MATH = YES;
				ONLY_ACTIVE_ARCH = YES;
				SDKROOT = iphoneos;
				SWIFT_ACTIVE_COMPILATION_CONDITIONS = "DEBUG $(inherited)";
				SWIFT_OPTIMIZATION_LEVEL = "-Onone";
			};
			name = Debug;
		};
		00B0C8FE2E18E52C00AF0F54 /* Release */ = {
			isa = XCBuildConfiguration;
			buildSettings = {
				ALWAYS_SEARCH_USER_PATHS = NO;
				ASSETCATALOG_COMPILER_GENERATE_SWIFT_ASSET_SYMBOL_EXTENSIONS = YES;
				CLANG_ANALYZER_NONNULL = YES;
				CLANG_ANALYZER_NUMBER_OBJECT_CONVERSION = YES_AGGRESSIVE;
				CLANG_CXX_LANGUAGE_STANDARD = "gnu++20";
				CLANG_ENABLE_MODULES = YES;
				CLANG_ENABLE_OBJC_ARC = YES;
				CLANG_ENABLE_OBJC_WEAK = YES;
				CLANG_WARN_BLOCK_CAPTURE_AUTORELEASING = YES;
				CLANG_WARN_BOOL_CONVERSION = YES;
				CLANG_WARN_COMMA = YES;
				CLANG_WARN_CONSTANT_CONVERSION = YES;
				CLANG_WARN_DEPRECATED_OBJC_IMPLEMENTATIONS = YES;
				CLANG_WARN_DIRECT_OBJC_ISA_USAGE = YES_ERROR;
				CLANG_WARN_DOCUMENTATION_COMMENTS = YES;
				CLANG_WARN_EMPTY_BODY = YES;
				CLANG_WARN_ENUM_CONVERSION = YES;
				CLANG_WARN_INFINITE_RECURSION = YES;
				CLANG_WARN_INT_CONVERSION = YES;
				CLANG_WARN_NON_LITERAL_NULL_CONVERSION = YES;
				CLANG_WARN_OBJC_IMPLICIT_RETAIN_SELF = YES;
				CLANG_WARN_OBJC_LITERAL_CONVERSION = YES;
				CLANG_WARN_OBJC_ROOT_CLASS = YES_ERROR;
				CLANG_WARN_QUOTED_INCLUDE_IN_FRAMEWORK_HEADER = YES;
				CLANG_WARN_RANGE_LOOP_ANALYSIS = YES;
				CLANG_WARN_STRICT_PROTOTYPES = YES;
				CLANG_WARN_SUSPICIOUS_MOVE = YES;
				CLANG_WARN_UNGUARDED_AVAILABILITY = YES_AGGRESSIVE;
				CLANG_WARN_UNREACHABLE_CODE = YES;
				CLANG_WARN__DUPLICATE_METHOD_MATCH = YES;
				COPY_PHASE_STRIP = NO;
				DEBUG_INFORMATION_FORMAT = "dwarf-with-dsym";
				DEVELOPMENT_TEAM = 6Y7GHZ288A;
				ENABLE_NS_ASSERTIONS = NO;
				ENABLE_STRICT_OBJC_MSGSEND = YES;
				ENABLE_USER_SCRIPT_SANDBOXING = YES;
				GCC_C_LANGUAGE_STANDARD = gnu17;
				GCC_NO_COMMON_BLOCKS = YES;
				GCC_WARN_64_TO_32_BIT_CONVERSION = YES;
				GCC_WARN_ABOUT_RETURN_TYPE = YES_ERROR;
				GCC_WARN_UNDECLARED_SELECTOR = YES;
				GCC_WARN_UNINITIALIZED_AUTOS = YES_AGGRESSIVE;
				GCC_WARN_UNUSED_FUNCTION = YES;
				GCC_WARN_UNUSED_VARIABLE = YES;
				IPHONEOS_DEPLOYMENT_TARGET = 18.5;
				LOCALIZATION_PREFERS_STRING_CATALOGS = YES;
				MTL_ENABLE_DEBUG_INFO = NO;
				MTL_FAST_MATH = YES;
				SDKROOT = iphoneos;
				SWIFT_COMPILATION_MODE = wholemodule;
				VALIDATE_PRODUCT = YES;
			};
			name = Release;
		};
		00B0C9002E18E52C00AF0F54 /* Debug */ = {
			isa = XCBuildConfiguration;
			buildSettings = {
				ASSETCATALOG_COMPILER_APPICON_NAME = AppIcon;
				ASSETCATALOG_COMPILER_GLOBAL_ACCENT_COLOR_NAME = AccentColor;
				CODE_SIGN_STYLE = Automatic;
				CURRENT_PROJECT_VERSION = 1;
				DEVELOPMENT_TEAM = 6Y7GHZ288A;
				ENABLE_PREVIEWS = YES;
				GENERATE_INFOPLIST_FILE = YES;
				INFOPLIST_KEY_UIApplicationSceneManifest_Generation = YES;
				INFOPLIST_KEY_UIApplicationSupportsIndirectInputEvents = YES;
				INFOPLIST_KEY_UILaunchScreen_Generation = YES;
				INFOPLIST_KEY_UISupportedInterfaceOrientations_iPad = "UIInterfaceOrientationPortrait UIInterfaceOrientationPortraitUpsideDown UIInterfaceOrientationLandscapeLeft UIInterfaceOrientationLandscapeRight";
				INFOPLIST_KEY_UISupportedInterfaceOrientations_iPhone = "UIInterfaceOrientationPortrait UIInterfaceOrientationLandscapeLeft UIInterfaceOrientationLandscapeRight";
				LD_RUNPATH_SEARCH_PATHS = (
					"$(inherited)",
					"@executable_path/Frameworks",
				);
				MARKETING_VERSION = 1.0;
				PRODUCT_BUNDLE_IDENTIFIER = com.F2Fstudios.Freestyle;
				PRODUCT_NAME = "$(TARGET_NAME)";
				SWIFT_EMIT_LOC_STRINGS = YES;
				SWIFT_VERSION = 5.0;
				TARGETED_DEVICE_FAMILY = "1,2";
			};
			name = Debug;
		};
		00B0C9012E18E52C00AF0F54 /* Release */ = {
			isa = XCBuildConfiguration;
			buildSettings = {
				ASSETCATALOG_COMPILER_APPICON_NAME = AppIcon;
				ASSETCATALOG_COMPILER_GLOBAL_ACCENT_COLOR_NAME = AccentColor;
				CODE_SIGN_STYLE = Automatic;
				CURRENT_PROJECT_VERSION = 1;
				DEVELOPMENT_TEAM = 6Y7GHZ288A;
				ENABLE_PREVIEWS = YES;
				GENERATE_INFOPLIST_FILE = YES;
				INFOPLIST_KEY_UIApplicationSceneManifest_Generation = YES;
				INFOPLIST_KEY_UIApplicationSupportsIndirectInputEvents = YES;
				INFOPLIST_KEY_UILaunchScreen_Generation = YES;
				INFOPLIST_KEY_UISupportedInterfaceOrientations_iPad = "UIInterfaceOrientationPortrait UIInterfaceOrientationPortraitUpsideDown UIInterfaceOrientationLandscapeLeft UIInterfaceOrientationLandscapeRight";
				INFOPLIST_KEY_UISupportedInterfaceOrientations_iPhone = "UIInterfaceOrientationPortrait UIInterfaceOrientationLandscapeLeft UIInterfaceOrientationLandscapeRight";
				LD_RUNPATH_SEARCH_PATHS = (
					"$(inherited)",
					"@executable_path/Frameworks",
				);
				MARKETING_VERSION = 1.0;
				PRODUCT_BUNDLE_IDENTIFIER = com.F2Fstudios.Freestyle;
				PRODUCT_NAME = "$(TARGET_NAME)";
				SWIFT_EMIT_LOC_STRINGS = YES;
				SWIFT_VERSION = 5.0;
				TARGETED_DEVICE_FAMILY = "1,2";
			};
			name = Release;
		};
		00B0C9032E18E52C00AF0F54 /* Debug */ = {
			isa = XCBuildConfiguration;
			buildSettings = {
				BUNDLE_LOADER = "$(TEST_HOST)";
				CODE_SIGN_STYLE = Automatic;
				CURRENT_PROJECT_VERSION = 1;
				DEVELOPMENT_TEAM = 6Y7GHZ288A;
				GENERATE_INFOPLIST_FILE = YES;
				IPHONEOS_DEPLOYMENT_TARGET = 18.5;
				MARKETING_VERSION = 1.0;
				PRODUCT_BUNDLE_IDENTIFIER = com.F2Fstudios.FreestyleTests;
				PRODUCT_NAME = "$(TARGET_NAME)";
				SWIFT_EMIT_LOC_STRINGS = NO;
				SWIFT_VERSION = 5.0;
				TARGETED_DEVICE_FAMILY = "1,2";
				TEST_HOST = "$(BUILT_PRODUCTS_DIR)/Freestyle.app/$(BUNDLE_EXECUTABLE_FOLDER_PATH)/Freestyle";
			};
			name = Debug;
		};
		00B0C9042E18E52C00AF0F54 /* Release */ = {
			isa = XCBuildConfiguration;
			buildSettings = {
				BUNDLE_LOADER = "$(TEST_HOST)";
				CODE_SIGN_STYLE = Automatic;
				CURRENT_PROJECT_VERSION = 1;
				DEVELOPMENT_TEAM = 6Y7GHZ288A;
				GENERATE_INFOPLIST_FILE = YES;
				IPHONEOS_DEPLOYMENT_TARGET = 18.5;
				MARKETING_VERSION = 1.0;
				PRODUCT_BUNDLE_IDENTIFIER = com.F2Fstudios.FreestyleTests;
				PRODUCT_NAME = "$(TARGET_NAME)";
				SWIFT_EMIT_LOC_STRINGS = NO;
				SWIFT_VERSION = 5.0;
				TARGETED_DEVICE_FAMILY = "1,2";
				TEST_HOST = "$(BUILT_PRODUCTS_DIR)/Freestyle.app/$(BUNDLE_EXECUTABLE_FOLDER_PATH)/Freestyle";
			};
			name = Release;
		};
		00B0C9062E18E52C00AF0F54 /* Debug */ = {
			isa = XCBuildConfiguration;
			buildSettings = {
				CODE_SIGN_STYLE = Automatic;
				CURRENT_PROJECT_VERSION = 1;
				DEVELOPMENT_TEAM = 6Y7GHZ288A;
				GENERATE_INFOPLIST_FILE = YES;
				MARKETING_VERSION = 1.0;
				PRODUCT_BUNDLE_IDENTIFIER = com.F2Fstudios.FreestyleUITests;
				PRODUCT_NAME = "$(TARGET_NAME)";
				SWIFT_EMIT_LOC_STRINGS = NO;
				SWIFT_VERSION = 5.0;
				TARGETED_DEVICE_FAMILY = "1,2";
				TEST_TARGET_NAME = Freestyle;
			};
			name = Debug;
		};
		00B0C9072E18E52C00AF0F54 /* Release */ = {
			isa = XCBuildConfiguration;
			buildSettings = {
				CODE_SIGN_STYLE = Automatic;
				CURRENT_PROJECT_VERSION = 1;
				DEVELOPMENT_TEAM = 6Y7GHZ288A;
				GENERATE_INFOPLIST_FILE = YES;
				MARKETING_VERSION = 1.0;
				PRODUCT_BUNDLE_IDENTIFIER = com.F2Fstudios.FreestyleUITests;
				PRODUCT_NAME = "$(TARGET_NAME)";
				SWIFT_EMIT_LOC_STRINGS = NO;
				SWIFT_VERSION = 5.0;
				TARGETED_DEVICE_FAMILY = "1,2";
				TEST_TARGET_NAME = Freestyle;
			};
			name = Release;
		};
/* End XCBuildConfiguration section */

/* Begin XCConfigurationList section */
		00B0C8D72E18E52A00AF0F54 /* Build configuration list for PBXProject "Freestyle" */ = {
			isa = XCConfigurationList;
			buildConfigurations = (
				00B0C8FD2E18E52C00AF0F54 /* Debug */,
				00B0C8FE2E18E52C00AF0F54 /* Release */,
			);
			defaultConfigurationIsVisible = 0;
			defaultConfigurationName = Release;
		};
		00B0C8FF2E18E52C00AF0F54 /* Build configuration list for PBXNativeTarget "Freestyle" */ = {
			isa = XCConfigurationList;
			buildConfigurations = (
				00B0C9002E18E52C00AF0F54 /* Debug */,
				00B0C9012E18E52C00AF0F54 /* Release */,
			);
			defaultConfigurationIsVisible = 0;
			defaultConfigurationName = Release;
		};
		00B0C9022E18E52C00AF0F54 /* Build configuration list for PBXNativeTarget "FreestyleTests" */ = {
			isa = XCConfigurationList;
			buildConfigurations = (
				00B0C9032E18E52C00AF0F54 /* Debug */,
				00B0C9042E18E52C00AF0F54 /* Release */,
			);
			defaultConfigurationIsVisible = 0;
			defaultConfigurationName = Release;
		};
		00B0C9052E18E52C00AF0F54 /* Build configuration list for PBXNativeTarget "FreestyleUITests" */ = {
			isa = XCConfigurationList;
			buildConfigurations = (
				00B0C9062E18E52C00AF0F54 /* Debug */,
				00B0C9072E18E52C00AF0F54 /* Release */,
			);
			defaultConfigurationIsVisible = 0;
			defaultConfigurationName = Release;
		};
/* End XCConfigurationList section */
	};
	rootObject = 00B0C8D42E18E52A00AF0F54 /* Project object */;
}
